
Microsoft Visual Studio Solution File, Format Version 12.00
# Visual Studio 15
VisualStudioVersion = 15.0.28010.2016
MinimumVisualStudioVersion = 10.0.40219.1
Project("{FAE04EC0-301F-11D3-BF4B-00C04F79EFBC}") = "WebApplication1", "WebApplication1\WebApplication1.csproj", "{4EF23E13-294A-4913-8FA3-DE7BC6A9C8C6}"
EndProject
Global
	GlobalSection(SolutionConfigurationPlatforms) = preSolution
		Debug|Any CPU = Debug|Any CPU
		Release|Any CPU = Release|Any CPU
	EndGlobalSection
	GlobalSection(ProjectConfigurationPlatforms) = postSolution
		{4EF23E13-294A-4913-8FA3-DE7BC6A9C8C6}.Debug|Any CPU.ActiveCfg = Debug|Any CPU
		{4EF23E13-294A-4913-8FA3-DE7BC6A9C8C6}.Debug|Any CPU.Build.0 = Debug|Any CPU
		{4EF23E13-294A-4913-8FA3-DE7BC6A9C8C6}.Release|Any CPU.ActiveCfg = Release|Any CPU
		{4EF23E13-294A-4913-8FA3-DE7BC6A9C8C6}.Release|Any CPU.Build.0 = Release|Any CPU
	EndGlobalSection
	GlobalSection(SolutionProperties) = preSolution
		HideSolutionNode = FALSE
	EndGlobalSection
	GlobalSection(ExtensibilityGlobals) = postSolution
		SolutionGuid = {EF4B7193-EC04-4B49-A900-98BE76E810CC}
	EndGlobalSection
EndGlobal
