
Microsoft Visual Studio Solution File, Format Version 12.00
# Visual Studio 15
VisualStudioVersion = 15.0.28307.168
MinimumVisualStudioVersion = 10.0.40219.1
Project("{2150E333-8FDC-42A3-9474-1A3956D46DE8}") = "Docs.Web", "Docs.Web", "{44A6CE2D-6381-49C8-B232-55FDC4D02025}"
EndProject
Project("{2150E333-8FDC-42A3-9474-1A3956D46DE8}") = "MVC", "MVC", "{E6016161-BB73-4749-BC24-7415B561DAB9}"
EndProject
Project("{2150E333-8FDC-42A3-9474-1A3956D46DE8}") = "WebAPI", "WebAPI", "{E234A812-20D3-436F-8330-3E70BBC73E6B}"
EndProject
Project("{2150E333-8FDC-42A3-9474-1A3956D46DE8}") = "Docs.Fundamentals", "Docs.Fundamentals", "{C0284FBA-F7EC-4548-A940-28E7C73CFA8B}"
EndProject
Project("{2150E333-8FDC-42A3-9474-1A3956D46DE8}") = "RazorPages", "RazorPages", "{22E8C9DB-0B5D-49EB-BC78-DD28F13EB5D1}"
EndProject
Project("{9A19103F-16F7-4668-BE54-9A1E7A4F7556}") = "Docs.MvcMovie.Sample", "Docs.MvcMovie.Sample\Docs.MvcMovie.Sample.csproj", "{E8A7F923-9164-4D0E-AB6F-FEB6472A25E8}"
EndProject
Project("{9A19103F-16F7-4668-BE54-9A1E7A4F7556}") = "My.MVC.Study", "My.MVC.Study\My.MVC.Study.csproj", "{27BE8981-2299-4673-B04F-FA615B186D32}"
EndProject
Project("{9A19103F-16F7-4668-BE54-9A1E7A4F7556}") = "Docs.RazorPagesMovie.Sample", "Docs.RazorPagesMovie.Sample\Docs.RazorPagesMovie.Sample.csproj", "{5C4C6B13-A291-4CE1-8BFC-34C35E48CBD5}"
EndProject
Project("{9A19103F-16F7-4668-BE54-9A1E7A4F7556}") = "My.Razor.Study", "My.Razor.Study\My.Razor.Study.csproj", "{A9E7F09D-1D12-448C-8540-5FBE70DA36EA}"
EndProject
Project("{9A19103F-16F7-4668-BE54-9A1E7A4F7556}") = "My.Filters.Study", "My.Filters.Study\My.Filters.Study.csproj", "{A0918CFD-564F-4598-97E0-AE19B4AEF058}"
EndProject
Project("{2150E333-8FDC-42A3-9474-1A3956D46DE8}") = "Host", "Host", "{F098B863-4CE1-47E7-A7C7-3C13E8A63B5E}"
EndProject
Project("{2150E333-8FDC-42A3-9474-1A3956D46DE8}") = "处理错误", "处理错误", "{242E553A-DB01-4557-A63C-8C6C5B375CF9}"
EndProject
Project("{2150E333-8FDC-42A3-9474-1A3956D46DE8}") = "服务器", "服务器", "{F341E271-73F3-4B56-A90F-15849968F2BB}"
EndProject
Project("{2150E333-8FDC-42A3-9474-1A3956D46DE8}") = "环境", "环境", "{C292CF41-BF17-44D2-B44D-968018A072ED}"
EndProject
Project("{2150E333-8FDC-42A3-9474-1A3956D46DE8}") = "路由", "路由", "{4ECA8300-DB8D-4AE8-9F17-238CE14B83AF}"
EndProject
Project("{2150E333-8FDC-42A3-9474-1A3956D46DE8}") = "配置", "配置", "{79F7E5B7-5D0B-4D74-BD5C-964F5F7BF767}"
EndProject
Project("{2150E333-8FDC-42A3-9474-1A3956D46DE8}") = "启动HTTP请求", "启动HTTP请求", "{EB15CA41-DD12-4C10-B11A-20A5DFE68A2A}"
EndProject
Project("{2150E333-8FDC-42A3-9474-1A3956D46DE8}") = "日志记录", "日志记录", "{31015BA7-2EFE-4A5B-941C-C705BFA58414}"
EndProject
Project("{2150E333-8FDC-42A3-9474-1A3956D46DE8}") = "选项", "选项", "{9FE64A65-A145-4EA3-93C7-161F243D1772}"
EndProject
Project("{2150E333-8FDC-42A3-9474-1A3956D46DE8}") = "依赖关系注入（服务）", "依赖关系注入（服务）", "{D1D12212-CB3D-4123-9C2E-5586758B401A}"
EndProject
Project("{2150E333-8FDC-42A3-9474-1A3956D46DE8}") = "应用启动", "应用启动", "{C574A2E5-AA92-4349-B9CD-0DC6C0EBF910}"
EndProject
Project("{2150E333-8FDC-42A3-9474-1A3956D46DE8}") = "中间件", "中间件", "{1D4AB64D-8596-451C-A60C-F458518F5626}"
EndProject
Global
	GlobalSection(SolutionConfigurationPlatforms) = preSolution
		Debug|Any CPU = Debug|Any CPU
		Release|Any CPU = Release|Any CPU
	EndGlobalSection
	GlobalSection(ProjectConfigurationPlatforms) = postSolution
		{E8A7F923-9164-4D0E-AB6F-FEB6472A25E8}.Debug|Any CPU.ActiveCfg = Debug|Any CPU
		{E8A7F923-9164-4D0E-AB6F-FEB6472A25E8}.Debug|Any CPU.Build.0 = Debug|Any CPU
		{E8A7F923-9164-4D0E-AB6F-FEB6472A25E8}.Release|Any CPU.ActiveCfg = Release|Any CPU
		{E8A7F923-9164-4D0E-AB6F-FEB6472A25E8}.Release|Any CPU.Build.0 = Release|Any CPU
		{27BE8981-2299-4673-B04F-FA615B186D32}.Debug|Any CPU.ActiveCfg = Debug|Any CPU
		{27BE8981-2299-4673-B04F-FA615B186D32}.Debug|Any CPU.Build.0 = Debug|Any CPU
		{27BE8981-2299-4673-B04F-FA615B186D32}.Release|Any CPU.ActiveCfg = Release|Any CPU
		{27BE8981-2299-4673-B04F-FA615B186D32}.Release|Any CPU.Build.0 = Release|Any CPU
		{5C4C6B13-A291-4CE1-8BFC-34C35E48CBD5}.Debug|Any CPU.ActiveCfg = Debug|Any CPU
		{5C4C6B13-A291-4CE1-8BFC-34C35E48CBD5}.Debug|Any CPU.Build.0 = Debug|Any CPU
		{5C4C6B13-A291-4CE1-8BFC-34C35E48CBD5}.Release|Any CPU.ActiveCfg = Release|Any CPU
		{5C4C6B13-A291-4CE1-8BFC-34C35E48CBD5}.Release|Any CPU.Build.0 = Release|Any CPU
		{A9E7F09D-1D12-448C-8540-5FBE70DA36EA}.Debug|Any CPU.ActiveCfg = Debug|Any CPU
		{A9E7F09D-1D12-448C-8540-5FBE70DA36EA}.Debug|Any CPU.Build.0 = Debug|Any CPU
		{A9E7F09D-1D12-448C-8540-5FBE70DA36EA}.Release|Any CPU.ActiveCfg = Release|Any CPU
		{A9E7F09D-1D12-448C-8540-5FBE70DA36EA}.Release|Any CPU.Build.0 = Release|Any CPU
		{A0918CFD-564F-4598-97E0-AE19B4AEF058}.Debug|Any CPU.ActiveCfg = Debug|Any CPU
		{A0918CFD-564F-4598-97E0-AE19B4AEF058}.Debug|Any CPU.Build.0 = Debug|Any CPU
		{A0918CFD-564F-4598-97E0-AE19B4AEF058}.Release|Any CPU.ActiveCfg = Release|Any CPU
		{A0918CFD-564F-4598-97E0-AE19B4AEF058}.Release|Any CPU.Build.0 = Release|Any CPU
	EndGlobalSection
	GlobalSection(SolutionProperties) = preSolution
		HideSolutionNode = FALSE
	EndGlobalSection
	GlobalSection(NestedProjects) = preSolution
		{E6016161-BB73-4749-BC24-7415B561DAB9} = {44A6CE2D-6381-49C8-B232-55FDC4D02025}
		{E234A812-20D3-436F-8330-3E70BBC73E6B} = {44A6CE2D-6381-49C8-B232-55FDC4D02025}
		{22E8C9DB-0B5D-49EB-BC78-DD28F13EB5D1} = {44A6CE2D-6381-49C8-B232-55FDC4D02025}
		{E8A7F923-9164-4D0E-AB6F-FEB6472A25E8} = {E6016161-BB73-4749-BC24-7415B561DAB9}
		{27BE8981-2299-4673-B04F-FA615B186D32} = {E6016161-BB73-4749-BC24-7415B561DAB9}
		{5C4C6B13-A291-4CE1-8BFC-34C35E48CBD5} = {22E8C9DB-0B5D-49EB-BC78-DD28F13EB5D1}
		{A9E7F09D-1D12-448C-8540-5FBE70DA36EA} = {22E8C9DB-0B5D-49EB-BC78-DD28F13EB5D1}
		{F098B863-4CE1-47E7-A7C7-3C13E8A63B5E} = {C0284FBA-F7EC-4548-A940-28E7C73CFA8B}
		{242E553A-DB01-4557-A63C-8C6C5B375CF9} = {C0284FBA-F7EC-4548-A940-28E7C73CFA8B}
		{F341E271-73F3-4B56-A90F-15849968F2BB} = {C0284FBA-F7EC-4548-A940-28E7C73CFA8B}
		{C292CF41-BF17-44D2-B44D-968018A072ED} = {C0284FBA-F7EC-4548-A940-28E7C73CFA8B}
		{4ECA8300-DB8D-4AE8-9F17-238CE14B83AF} = {C0284FBA-F7EC-4548-A940-28E7C73CFA8B}
		{79F7E5B7-5D0B-4D74-BD5C-964F5F7BF767} = {C0284FBA-F7EC-4548-A940-28E7C73CFA8B}
		{EB15CA41-DD12-4C10-B11A-20A5DFE68A2A} = {C0284FBA-F7EC-4548-A940-28E7C73CFA8B}
		{31015BA7-2EFE-4A5B-941C-C705BFA58414} = {C0284FBA-F7EC-4548-A940-28E7C73CFA8B}
		{9FE64A65-A145-4EA3-93C7-161F243D1772} = {C0284FBA-F7EC-4548-A940-28E7C73CFA8B}
		{D1D12212-CB3D-4123-9C2E-5586758B401A} = {C0284FBA-F7EC-4548-A940-28E7C73CFA8B}
		{C574A2E5-AA92-4349-B9CD-0DC6C0EBF910} = {C0284FBA-F7EC-4548-A940-28E7C73CFA8B}
		{1D4AB64D-8596-451C-A60C-F458518F5626} = {C0284FBA-F7EC-4548-A940-28E7C73CFA8B}
	EndGlobalSection
	GlobalSection(ExtensibilityGlobals) = postSolution
		SolutionGuid = {99CCB8A3-AB08-42F1-934C-B684FA6433FB}
	EndGlobalSection
EndGlobal
