
Microsoft Visual Studio Solution File, Format Version 12.00
# Visual Studio 15
VisualStudioVersion = 15.0.28307.168
MinimumVisualStudioVersion = 10.0.40219.1
Project("{2150E333-8FDC-42A3-9474-1A3956D46DE8}") = "身份认证", "身份认证", "{57A21DA4-4F75-45E9-9E9F-20B1D196232A}"
EndProject
Project("{2150E333-8FDC-42A3-9474-1A3956D46DE8}") = "授权", "授权", "{126D3F45-ED3E-4528-81A6-C37860986ED3}"
EndProject
Global
	GlobalSection(SolutionProperties) = preSolution
		HideSolutionNode = FALSE
	EndGlobalSection
	GlobalSection(ExtensibilityGlobals) = postSolution
		SolutionGuid = {7038C5F4-E8F3-4013-9ECB-96AA6D37DF98}
	EndGlobalSection
EndGlobal
