
Microsoft Visual Studio Solution File, Format Version 12.00
# Visual Studio 15
VisualStudioVersion = 15.0.28307.168
MinimumVisualStudioVersion = 10.0.40219.1
Project("{2150E333-8FDC-42A3-9474-1A3956D46DE8}") = "身份验证", "身份验证", "{E37A9085-7801-4802-9EAF-A61F21521C2C}"
EndProject
Project("{2150E333-8FDC-42A3-9474-1A3956D46DE8}") = "授权", "授权", "{9383AF5E-8306-43F6-B94C-DE745491A4BB}"
EndProject
Project("{2150E333-8FDC-42A3-9474-1A3956D46DE8}") = "数据保护", "数据保护", "{7180F4F3-E313-4EAC-972A-5EB2912ECEFD}"
EndProject
Project("{FAE04EC0-301F-11D3-BF4B-00C04F79EFBC}") = "Docs.Identity.Sample", "Docs.Identity.Sample\Docs.Identity.Sample.csproj", "{3AC04187-9480-4BC9-AAB4-5BB9A6F29DE0}"
EndProject
Global
	GlobalSection(SolutionConfigurationPlatforms) = preSolution
		Debug|Any CPU = Debug|Any CPU
		Release|Any CPU = Release|Any CPU
	EndGlobalSection
	GlobalSection(ProjectConfigurationPlatforms) = postSolution
		{3AC04187-9480-4BC9-AAB4-5BB9A6F29DE0}.Debug|Any CPU.ActiveCfg = Debug|Any CPU
		{3AC04187-9480-4BC9-AAB4-5BB9A6F29DE0}.Debug|Any CPU.Build.0 = Debug|Any CPU
		{3AC04187-9480-4BC9-AAB4-5BB9A6F29DE0}.Release|Any CPU.ActiveCfg = Release|Any CPU
		{3AC04187-9480-4BC9-AAB4-5BB9A6F29DE0}.Release|Any CPU.Build.0 = Release|Any CPU
	EndGlobalSection
	GlobalSection(SolutionProperties) = preSolution
		HideSolutionNode = FALSE
	EndGlobalSection
	GlobalSection(NestedProjects) = preSolution
		{3AC04187-9480-4BC9-AAB4-5BB9A6F29DE0} = {E37A9085-7801-4802-9EAF-A61F21521C2C}
	EndGlobalSection
	GlobalSection(ExtensibilityGlobals) = postSolution
		SolutionGuid = {DFADE1F2-0690-43FC-9A9E-D3523C16CE52}
	EndGlobalSection
EndGlobal
