
Microsoft Visual Studio Solution File, Format Version 12.00
# Visual Studio 15
VisualStudioVersion = 15.0.28307.106
MinimumVisualStudioVersion = 10.0.40219.1
Project("{FAE04EC0-301F-11D3-BF4B-00C04F79EFBC}") = "Docs.Configuration", "Docs.Configuration\Docs.Configuration.csproj", "{695BDDBA-7DFD-4EC1-BD82-E6F482FB87A7}"
EndProject
Global
	GlobalSection(SolutionConfigurationPlatforms) = preSolution
		Debug|Any CPU = Debug|Any CPU
		Release|Any CPU = Release|Any CPU
	EndGlobalSection
	GlobalSection(ProjectConfigurationPlatforms) = postSolution
		{695BDDBA-7DFD-4EC1-BD82-E6F482FB87A7}.Debug|Any CPU.ActiveCfg = Debug|Any CPU
		{695BDDBA-7DFD-4EC1-BD82-E6F482FB87A7}.Debug|Any CPU.Build.0 = Debug|Any CPU
		{695BDDBA-7DFD-4EC1-BD82-E6F482FB87A7}.Release|Any CPU.ActiveCfg = Release|Any CPU
		{695BDDBA-7DFD-4EC1-BD82-E6F482FB87A7}.Release|Any CPU.Build.0 = Release|Any CPU
	EndGlobalSection
	GlobalSection(SolutionProperties) = preSolution
		HideSolutionNode = FALSE
	EndGlobalSection
	GlobalSection(ExtensibilityGlobals) = postSolution
		SolutionGuid = {2BB9F48E-21DF-4B68-8D19-F7EE9DEC2853}
	EndGlobalSection
EndGlobal
