
Microsoft Visual Studio Solution File, Format Version 12.00
# Visual Studio 15
VisualStudioVersion = 15.0.28307.102
MinimumVisualStudioVersion = 10.0.40219.1
Project("{FAE04EC0-301F-11D3-BF4B-00C04F79EFBC}") = "Docs.Environments", "Docs.Environments\Docs.Environments.csproj", "{2655A5F7-2524-4679-A414-1D24F1476EA5}"
EndProject
Global
	GlobalSection(SolutionConfigurationPlatforms) = preSolution
		Debug|Any CPU = Debug|Any CPU
		Release|Any CPU = Release|Any CPU
	EndGlobalSection
	GlobalSection(ProjectConfigurationPlatforms) = postSolution
		{2655A5F7-2524-4679-A414-1D24F1476EA5}.Debug|Any CPU.ActiveCfg = Debug|Any CPU
		{2655A5F7-2524-4679-A414-1D24F1476EA5}.Debug|Any CPU.Build.0 = Debug|Any CPU
		{2655A5F7-2524-4679-A414-1D24F1476EA5}.Release|Any CPU.ActiveCfg = Release|Any CPU
		{2655A5F7-2524-4679-A414-1D24F1476EA5}.Release|Any CPU.Build.0 = Release|Any CPU
	EndGlobalSection
	GlobalSection(SolutionProperties) = preSolution
		HideSolutionNode = FALSE
	EndGlobalSection
	GlobalSection(ExtensibilityGlobals) = postSolution
		SolutionGuid = {81F49CE3-3F9B-4428-81B3-74669E4EC24C}
	EndGlobalSection
EndGlobal
