
Microsoft Visual Studio Solution File, Format Version 12.00
# Visual Studio 15
VisualStudioVersion = 15.0.28307.168
MinimumVisualStudioVersion = 10.0.40219.1
Project("{2150E333-8FDC-42A3-9474-1A3956D46DE8}") = "RazorPages", "RazorPages", "{135024DF-2D3F-4340-8ED3-12AD3F44269B}"
EndProject
Project("{2150E333-8FDC-42A3-9474-1A3956D46DE8}") = "MVC", "MVC", "{8DA6BBFB-ACDD-4B70-A101-140EBB85092D}"
EndProject
Project("{2150E333-8FDC-42A3-9474-1A3956D46DE8}") = "WebAPI", "WebAPI", "{287C4731-FBF9-4ACB-8E96-87CFB307A46A}"
EndProject
Project("{2150E333-8FDC-42A3-9474-1A3956D46DE8}") = "扩展补充", "扩展补充", "{32C59E71-BD5B-40C2-A54E-8C2979DDBF97}"
EndProject
Project("{9A19103F-16F7-4668-BE54-9A1E7A4F7556}") = "My.Razor.Study", "My.Razor.Study\My.Razor.Study.csproj", "{6F9A83BF-8915-4A5D-A4B9-84FCA1627331}"
EndProject
Project("{9A19103F-16F7-4668-BE54-9A1E7A4F7556}") = "Docs.RazorPagesMovie.Sample", "Docs.RazorPagesMovie.Sample\Docs.RazorPagesMovie.Sample.csproj", "{6B482AC3-741E-4172-9988-5E675E0260FE}"
EndProject
Global
	GlobalSection(SolutionConfigurationPlatforms) = preSolution
		Debug|Any CPU = Debug|Any CPU
		Release|Any CPU = Release|Any CPU
	EndGlobalSection
	GlobalSection(ProjectConfigurationPlatforms) = postSolution
		{6F9A83BF-8915-4A5D-A4B9-84FCA1627331}.Debug|Any CPU.ActiveCfg = Debug|Any CPU
		{6F9A83BF-8915-4A5D-A4B9-84FCA1627331}.Debug|Any CPU.Build.0 = Debug|Any CPU
		{6F9A83BF-8915-4A5D-A4B9-84FCA1627331}.Release|Any CPU.ActiveCfg = Release|Any CPU
		{6F9A83BF-8915-4A5D-A4B9-84FCA1627331}.Release|Any CPU.Build.0 = Release|Any CPU
		{6B482AC3-741E-4172-9988-5E675E0260FE}.Debug|Any CPU.ActiveCfg = Debug|Any CPU
		{6B482AC3-741E-4172-9988-5E675E0260FE}.Debug|Any CPU.Build.0 = Debug|Any CPU
		{6B482AC3-741E-4172-9988-5E675E0260FE}.Release|Any CPU.ActiveCfg = Release|Any CPU
		{6B482AC3-741E-4172-9988-5E675E0260FE}.Release|Any CPU.Build.0 = Release|Any CPU
	EndGlobalSection
	GlobalSection(SolutionProperties) = preSolution
		HideSolutionNode = FALSE
	EndGlobalSection
	GlobalSection(NestedProjects) = preSolution
		{6F9A83BF-8915-4A5D-A4B9-84FCA1627331} = {135024DF-2D3F-4340-8ED3-12AD3F44269B}
		{6B482AC3-741E-4172-9988-5E675E0260FE} = {135024DF-2D3F-4340-8ED3-12AD3F44269B}
	EndGlobalSection
	GlobalSection(ExtensibilityGlobals) = postSolution
		SolutionGuid = {BA55B5A4-4BE4-486A-AC93-3C1E5D48271F}
	EndGlobalSection
EndGlobal
